
Microsoft Visual Studio Solution File, Format Version 12.00
# Visual Studio Version 17
VisualStudioVersion = 17.8.34330.188
MinimumVisualStudioVersion = 10.0.40219.1
Project("{FAE04EC0-301F-11D3-BF4B-00C04F79EFBC}") = "hw-sorting-filtering-pagination", "hw-sorting-filtering-pagination.csproj", "{EBCD2047-F287-4FA2-99EC-9B67B3B88665}"
EndProject
Global
	GlobalSection(SolutionConfigurationPlatforms) = preSolution
		Debug|Any CPU = Debug|Any CPU
		Release|Any CPU = Release|Any CPU
	EndGlobalSection
	GlobalSection(ProjectConfigurationPlatforms) = postSolution
		{EBCD2047-F287-4FA2-99EC-9B67B3B88665}.Debug|Any CPU.ActiveCfg = Debug|Any CPU
		{EBCD2047-F287-4FA2-99EC-9B67B3B88665}.Debug|Any CPU.Build.0 = Debug|Any CPU
		{EBCD2047-F287-4FA2-99EC-9B67B3B88665}.Release|Any CPU.ActiveCfg = Release|Any CPU
		{EBCD2047-F287-4FA2-99EC-9B67B3B88665}.Release|Any CPU.Build.0 = Release|Any CPU
	EndGlobalSection
	GlobalSection(SolutionProperties) = preSolution
		HideSolutionNode = FALSE
	EndGlobalSection
	GlobalSection(ExtensibilityGlobals) = postSolution
		SolutionGuid = {8CBA0850-6B7B-4BE6-9B4B-6A4FB4046D44}
	EndGlobalSection
EndGlobal
